
Microsoft Visual Studio Solution File, Format Version 12.00
# Visual Studio Version 17
VisualStudioVersion = 17.0.31919.166
MinimumVisualStudioVersion = 10.0.40219.1
Project("{9A19103F-16F7-4668-BE54-9A1E7A4F7556}") = "APIGateway", "APIGateway\APIGateway.csproj", "{056A454A-13AA-4EE3-A1EE-01F37F5D9E98}"
EndProject
Project("{2150E333-8FDC-42A3-9474-1A3956D46DE8}") = "Services", "Services", "{BB2CCE14-BD55-4964-94B4-E20DCB9B47D4}"
EndProject
Project("{9A19103F-16F7-4668-BE54-9A1E7A4F7556}") = "Customer.API", "Services\CustomerAPI\Customer.API\Customer.API.csproj", "{BF2500D4-2765-4A46-92EB-B837C601F2D0}"
EndProject
Project("{2150E333-8FDC-42A3-9474-1A3956D46DE8}") = "CustomerAPI", "CustomerAPI", "{E9EA4F26-05D3-416D-8F4B-9D2080549F29}"
EndProject
Project("{2150E333-8FDC-42A3-9474-1A3956D46DE8}") = "OrderAPI", "OrderAPI", "{9B464EF1-04DE-4EB8-B39B-8A019E5ED5A8}"
EndProject
Project("{9A19103F-16F7-4668-BE54-9A1E7A4F7556}") = "CustomerAPI.Services", "Services\CustomerAPI\CustomerAPI.Services\CustomerAPI.Services.csproj", "{F60EB285-DAD4-4496-A266-9D10E05C676E}"
EndProject
Project("{9A19103F-16F7-4668-BE54-9A1E7A4F7556}") = "CustomerAPI.Infrastructure", "Services\CustomerAPI\CustomerAPI.Infrastructure\CustomerAPI.Infrastructure\CustomerAPI.Infrastructure.csproj", "{B336E31A-3EB5-4942-97D2-CE445B0EB4F2}"
EndProject
Project("{9A19103F-16F7-4668-BE54-9A1E7A4F7556}") = "CustomerAPI.Models", "Services\CustomerAPI\CustomerAPI.Models\CustomerAPI.Models\CustomerAPI.Models.csproj", "{ECF40547-6A79-48C8-9295-D07427A08745}"
EndProject
Project("{9A19103F-16F7-4668-BE54-9A1E7A4F7556}") = "OrderAPI.Services", "Services\OrderAPI\OrderAPI.Services\OrderAPI.Services.csproj", "{FEF4E00F-E8BC-471F-BAEF-CD87DE0F3A0B}"
EndProject
Project("{9A19103F-16F7-4668-BE54-9A1E7A4F7556}") = "OrderAPI.Models", "Services\OrderAPI\OrderAPI.Models\OrderAPI.Models.csproj", "{BE49C714-584C-4A2E-ACCB-BE7AAE1C565E}"
EndProject
Project("{9A19103F-16F7-4668-BE54-9A1E7A4F7556}") = "Order.API", "Order.API\Order.API.csproj", "{39E24A75-CBA3-4051-B413-65759B1BF4A0}"
EndProject
Project("{2150E333-8FDC-42A3-9474-1A3956D46DE8}") = "Tests", "Tests", "{48CDFE6F-FFB6-4F41-B36D-CAEB01E16338}"
EndProject
Project("{9A19103F-16F7-4668-BE54-9A1E7A4F7556}") = "CustomerTests", "CustomerTests\CustomerTests.csproj", "{9B6F89B4-6683-4738-8047-7E50D948378E}"
EndProject
Project("{FAE04EC0-301F-11D3-BF4B-00C04F79EFBC}") = "OrderTests", "OrderTests\OrderTests.csproj", "{D7B90B8B-DD20-485F-A81A-07A32DB81484}"
EndProject
Global
	GlobalSection(SolutionConfigurationPlatforms) = preSolution
		Debug|Any CPU = Debug|Any CPU
		Release|Any CPU = Release|Any CPU
	EndGlobalSection
	GlobalSection(ProjectConfigurationPlatforms) = postSolution
		{056A454A-13AA-4EE3-A1EE-01F37F5D9E98}.Debug|Any CPU.ActiveCfg = Debug|Any CPU
		{056A454A-13AA-4EE3-A1EE-01F37F5D9E98}.Debug|Any CPU.Build.0 = Debug|Any CPU
		{056A454A-13AA-4EE3-A1EE-01F37F5D9E98}.Release|Any CPU.ActiveCfg = Release|Any CPU
		{056A454A-13AA-4EE3-A1EE-01F37F5D9E98}.Release|Any CPU.Build.0 = Release|Any CPU
		{BF2500D4-2765-4A46-92EB-B837C601F2D0}.Debug|Any CPU.ActiveCfg = Debug|Any CPU
		{BF2500D4-2765-4A46-92EB-B837C601F2D0}.Debug|Any CPU.Build.0 = Debug|Any CPU
		{BF2500D4-2765-4A46-92EB-B837C601F2D0}.Release|Any CPU.ActiveCfg = Release|Any CPU
		{BF2500D4-2765-4A46-92EB-B837C601F2D0}.Release|Any CPU.Build.0 = Release|Any CPU
		{F60EB285-DAD4-4496-A266-9D10E05C676E}.Debug|Any CPU.ActiveCfg = Debug|Any CPU
		{F60EB285-DAD4-4496-A266-9D10E05C676E}.Debug|Any CPU.Build.0 = Debug|Any CPU
		{F60EB285-DAD4-4496-A266-9D10E05C676E}.Release|Any CPU.ActiveCfg = Release|Any CPU
		{F60EB285-DAD4-4496-A266-9D10E05C676E}.Release|Any CPU.Build.0 = Release|Any CPU
		{B336E31A-3EB5-4942-97D2-CE445B0EB4F2}.Debug|Any CPU.ActiveCfg = Debug|Any CPU
		{B336E31A-3EB5-4942-97D2-CE445B0EB4F2}.Debug|Any CPU.Build.0 = Debug|Any CPU
		{B336E31A-3EB5-4942-97D2-CE445B0EB4F2}.Release|Any CPU.ActiveCfg = Release|Any CPU
		{B336E31A-3EB5-4942-97D2-CE445B0EB4F2}.Release|Any CPU.Build.0 = Release|Any CPU
		{ECF40547-6A79-48C8-9295-D07427A08745}.Debug|Any CPU.ActiveCfg = Debug|Any CPU
		{ECF40547-6A79-48C8-9295-D07427A08745}.Debug|Any CPU.Build.0 = Debug|Any CPU
		{ECF40547-6A79-48C8-9295-D07427A08745}.Release|Any CPU.ActiveCfg = Release|Any CPU
		{ECF40547-6A79-48C8-9295-D07427A08745}.Release|Any CPU.Build.0 = Release|Any CPU
		{FEF4E00F-E8BC-471F-BAEF-CD87DE0F3A0B}.Debug|Any CPU.ActiveCfg = Debug|Any CPU
		{FEF4E00F-E8BC-471F-BAEF-CD87DE0F3A0B}.Debug|Any CPU.Build.0 = Debug|Any CPU
		{FEF4E00F-E8BC-471F-BAEF-CD87DE0F3A0B}.Release|Any CPU.ActiveCfg = Release|Any CPU
		{FEF4E00F-E8BC-471F-BAEF-CD87DE0F3A0B}.Release|Any CPU.Build.0 = Release|Any CPU
		{BE49C714-584C-4A2E-ACCB-BE7AAE1C565E}.Debug|Any CPU.ActiveCfg = Debug|Any CPU
		{BE49C714-584C-4A2E-ACCB-BE7AAE1C565E}.Debug|Any CPU.Build.0 = Debug|Any CPU
		{BE49C714-584C-4A2E-ACCB-BE7AAE1C565E}.Release|Any CPU.ActiveCfg = Release|Any CPU
		{BE49C714-584C-4A2E-ACCB-BE7AAE1C565E}.Release|Any CPU.Build.0 = Release|Any CPU
		{39E24A75-CBA3-4051-B413-65759B1BF4A0}.Debug|Any CPU.ActiveCfg = Debug|Any CPU
		{39E24A75-CBA3-4051-B413-65759B1BF4A0}.Debug|Any CPU.Build.0 = Debug|Any CPU
		{39E24A75-CBA3-4051-B413-65759B1BF4A0}.Release|Any CPU.ActiveCfg = Release|Any CPU
		{39E24A75-CBA3-4051-B413-65759B1BF4A0}.Release|Any CPU.Build.0 = Release|Any CPU
		{9B6F89B4-6683-4738-8047-7E50D948378E}.Debug|Any CPU.ActiveCfg = Debug|Any CPU
		{9B6F89B4-6683-4738-8047-7E50D948378E}.Debug|Any CPU.Build.0 = Debug|Any CPU
		{9B6F89B4-6683-4738-8047-7E50D948378E}.Release|Any CPU.ActiveCfg = Release|Any CPU
		{9B6F89B4-6683-4738-8047-7E50D948378E}.Release|Any CPU.Build.0 = Release|Any CPU
		{D7B90B8B-DD20-485F-A81A-07A32DB81484}.Debug|Any CPU.ActiveCfg = Debug|Any CPU
		{D7B90B8B-DD20-485F-A81A-07A32DB81484}.Debug|Any CPU.Build.0 = Debug|Any CPU
		{D7B90B8B-DD20-485F-A81A-07A32DB81484}.Release|Any CPU.ActiveCfg = Release|Any CPU
		{D7B90B8B-DD20-485F-A81A-07A32DB81484}.Release|Any CPU.Build.0 = Release|Any CPU
	EndGlobalSection
	GlobalSection(SolutionProperties) = preSolution
		HideSolutionNode = FALSE
	EndGlobalSection
	GlobalSection(NestedProjects) = preSolution
		{BF2500D4-2765-4A46-92EB-B837C601F2D0} = {E9EA4F26-05D3-416D-8F4B-9D2080549F29}
		{E9EA4F26-05D3-416D-8F4B-9D2080549F29} = {BB2CCE14-BD55-4964-94B4-E20DCB9B47D4}
		{9B464EF1-04DE-4EB8-B39B-8A019E5ED5A8} = {BB2CCE14-BD55-4964-94B4-E20DCB9B47D4}
		{F60EB285-DAD4-4496-A266-9D10E05C676E} = {E9EA4F26-05D3-416D-8F4B-9D2080549F29}
		{B336E31A-3EB5-4942-97D2-CE445B0EB4F2} = {E9EA4F26-05D3-416D-8F4B-9D2080549F29}
		{ECF40547-6A79-48C8-9295-D07427A08745} = {E9EA4F26-05D3-416D-8F4B-9D2080549F29}
		{FEF4E00F-E8BC-471F-BAEF-CD87DE0F3A0B} = {9B464EF1-04DE-4EB8-B39B-8A019E5ED5A8}
		{BE49C714-584C-4A2E-ACCB-BE7AAE1C565E} = {9B464EF1-04DE-4EB8-B39B-8A019E5ED5A8}
		{39E24A75-CBA3-4051-B413-65759B1BF4A0} = {9B464EF1-04DE-4EB8-B39B-8A019E5ED5A8}
		{9B6F89B4-6683-4738-8047-7E50D948378E} = {48CDFE6F-FFB6-4F41-B36D-CAEB01E16338}
		{D7B90B8B-DD20-485F-A81A-07A32DB81484} = {48CDFE6F-FFB6-4F41-B36D-CAEB01E16338}
	EndGlobalSection
	GlobalSection(ExtensibilityGlobals) = postSolution
		SolutionGuid = {F16E3AB7-7924-4ED1-9D60-F77633DD1E14}
	EndGlobalSection
EndGlobal
